// !$*UTF8*$!
{
	archiveVersion = 1;
	classes = {
	};
	objectVersion = 56;
	objects = {

/* Begin PBXBuildFile section */
		3B2B1E1D28EC912C003716D1 /* AppDelegate.swift in Sources */ = {isa = PBXBuildFile; fileRef = 3B2B1E1C28EC912C003716D1 /* AppDelegate.swift */; };
		3B2B1E1F28EC912C003716D1 /* SceneDelegate.swift in Sources */ = {isa = PBXBuildFile; fileRef = 3B2B1E1E28EC912C003716D1 /* SceneDelegate.swift */; };
		3B2B1E2128EC912C003716D1 /* ViewController.swift in Sources */ = {isa = PBXBuildFile; fileRef = 3B2B1E2028EC912C003716D1 /* ViewController.swift */; };
		3B2B1E2428EC912C003716D1 /* Main.storyboard in Resources */ = {isa = PBXBuildFile; fileRef = 3B2B1E2228EC912C003716D1 /* Main.storyboard */; };
		3B2B1E2728EC912C003716D1 /* Comfort_Hotel.xcdatamodeld in Sources */ = {isa = PBXBuildFile; fileRef = 3B2B1E2528EC912C003716D1 /* Comfort_Hotel.xcdatamodeld */; };
		3B2B1E2928EC912D003716D1 /* Assets.xcassets in Resources */ = {isa = PBXBuildFile; fileRef = 3B2B1E2828EC912D003716D1 /* Assets.xcassets */; };
		3B2B1E2C28EC912D003716D1 /* LaunchScreen.storyboard in Resources */ = {isa = PBXBuildFile; fileRef = 3B2B1E2A28EC912D003716D1 /* LaunchScreen.storyboard */; };
		3B56A02428ECB57C005A806A /* AddGuestsViewController.swift in Sources */ = {isa = PBXBuildFile; fileRef = 3B56A02328ECB57C005A806A /* AddGuestsViewController.swift */; };
		3B56A02628ECB5BB005A806A /* GuestListViewController.swift in Sources */ = {isa = PBXBuildFile; fileRef = 3B56A02528ECB5BB005A806A /* GuestListViewController.swift */; };
/* End PBXBuildFile section */

/* Begin PBXFileReference section */
		3B2B1E1928EC912C003716D1 /* Comfort Hotel.app */ = {isa = PBXFileReference; explicitFileType = wrapper.application; includeInIndex = 0; path = "Comfort Hotel.app"; sourceTree = BUILT_PRODUCTS_DIR; };
		3B2B1E1C28EC912C003716D1 /* AppDelegate.swift */ = {isa = PBXFileReference; lastKnownFileType = sourcecode.swift; path = AppDelegate.swift; sourceTree = "<group>"; };
		3B2B1E1E28EC912C003716D1 /* SceneDelegate.swift */ = {isa = PBXFileReference; lastKnownFileType = sourcecode.swift; path = SceneDelegate.swift; sourceTree = "<group>"; };
		3B2B1E2028EC912C003716D1 /* ViewController.swift */ = {isa = PBXFileReference; lastKnownFileType = sourcecode.swift; path = ViewController.swift; sourceTree = "<group>"; };
		3B2B1E2328EC912C003716D1 /* Base */ = {isa = PBXFileReference; lastKnownFileType = file.storyboard; name = Base; path = Base.lproj/Main.storyboard; sourceTree = "<group>"; };
		3B2B1E2628EC912C003716D1 /* Comfort_Hotel.xcdatamodel */ = {isa = PBXFileReference; lastKnownFileType = wrapper.xcdatamodel; path = Comfort_Hotel.xcdatamodel; sourceTree = "<group>"; };
		3B2B1E2828EC912D003716D1 /* Assets.xcassets */ = {isa = PBXFileReference; lastKnownFileType = folder.assetcatalog; path = Assets.xcassets; sourceTree = "<group>"; };
		3B2B1E2B28EC912D003716D1 /* Base */ = {isa = PBXFileReference; lastKnownFileType = file.storyboard; name = Base; path = Base.lproj/LaunchScreen.storyboard; sourceTree = "<group>"; };
		3B2B1E2D28EC912D003716D1 /* Info.plist */ = {isa = PBXFileReference; lastKnownFileType = text.plist.xml; path = Info.plist; sourceTree = "<group>"; };
		3B56A02328ECB57C005A806A /* AddGuestsViewController.swift */ = {isa = PBXFileReference; lastKnownFileType = sourcecode.swift; path = AddGuestsViewController.swift; sourceTree = "<group>"; };
		3B56A02528ECB5BB005A806A /* GuestListViewController.swift */ = {isa = PBXFileReference; lastKnownFileType = sourcecode.swift; path = GuestListViewController.swift; sourceTree = "<group>"; };
/* End PBXFileReference section */

/* Begin PBXFrameworksBuildPhase section */
		3B2B1E1628EC912C003716D1 /* Frameworks */ = {
			isa = PBXFrameworksBuildPhase;
			buildActionMask = 2147483647;
			files = (
			);
			runOnlyForDeploymentPostprocessing = 0;
		};
/* End PBXFrameworksBuildPhase section */

/* Begin PBXGroup section */
		3B2B1E1028EC912C003716D1 = {
			isa = PBXGroup;
			children = (
				3B2B1E1B28EC912C003716D1 /* Comfort Hotel */,
				3B2B1E1A28EC912C003716D1 /* Products */,
			);
			sourceTree = "<group>";
		};
		3B2B1E1A28EC912C003716D1 /* Products */ = {
			isa = PBXGroup;
			children = (
				3B2B1E1928EC912C003716D1 /* Comfort Hotel.app */,
			);
			name = Products;
			sourceTree = "<group>";
		};
		3B2B1E1B28EC912C003716D1 /* Comfort Hotel */ = {
			isa = PBXGroup;
			children = (
				3B2B1E1C28EC912C003716D1 /* AppDelegate.swift */,
				3B2B1E1E28EC912C003716D1 /* SceneDelegate.swift */,
				3B2B1E2028EC912C003716D1 /* ViewController.swift */,
				3B56A02528ECB5BB005A806A /* GuestListViewController.swift */,
				3B56A02328ECB57C005A806A /* AddGuestsViewController.swift */,
				3B2B1E2228EC912C003716D1 /* Main.storyboard */,
				3B2B1E2828EC912D003716D1 /* Assets.xcassets */,
				3B2B1E2A28EC912D003716D1 /* LaunchScreen.storyboard */,
				3B2B1E2D28EC912D003716D1 /* Info.plist */,
				3B2B1E2528EC912C003716D1 /* Comfort_Hotel.xcdatamodeld */,
			);
			path = "Comfort Hotel";
			sourceTree = "<group>";
		};
/* End PBXGroup section */

/* Begin PBXNativeTarget section */
		3B2B1E1828EC912C003716D1 /* Comfort Hotel */ = {
			isa = PBXNativeTarget;
			buildConfigurationList = 3B2B1E3028EC912D003716D1 /* Build configuration list for PBXNativeTarget "Comfort Hotel" */;
			buildPhases = (
				3B2B1E1528EC912C003716D1 /* Sources */,
				3B2B1E1628EC912C003716D1 /* Frameworks */,
				3B2B1E1728EC912C003716D1 /* Resources */,
			);
			buildRules = (
			);
			dependencies = (
			);
			name = "Comfort Hotel";
			productName = "Comfort Hotel";
			productReference = 3B2B1E1928EC912C003716D1 /* Comfort Hotel.app */;
			productType = "com.apple.product-type.application";
		};
/* End PBXNativeTarget section */

/* Begin PBXProject section */
		3B2B1E1128EC912C003716D1 /* Project object */ = {
			isa = PBXProject;
			attributes = {
				BuildIndependentTargetsInParallel = 1;
				LastSwiftUpdateCheck = 1400;
				LastUpgradeCheck = 1400;
				TargetAttributes = {
					3B2B1E1828EC912C003716D1 = {
						CreatedOnToolsVersion = 14.0.1;
					};
				};
			};
			buildConfigurationList = 3B2B1E1428EC912C003716D1 /* Build configuration list for PBXProject "Comfort Hotel" */;
			compatibilityVersion = "Xcode 14.0";
			developmentRegion = en;
			hasScannedForEncodings = 0;
			knownRegions = (
				en,
				Base,
			);
			mainGroup = 3B2B1E1028EC912C003716D1;
			productRefGroup = 3B2B1E1A28EC912C003716D1 /* Products */;
			projectDirPath = "";
			projectRoot = "";
			targets = (
				3B2B1E1828EC912C003716D1 /* Comfort Hotel */,
			);
		};
/* End PBXProject section */

/* Begin PBXResourcesBuildPhase section */
		3B2B1E1728EC912C003716D1 /* Resources */ = {
			isa = PBXResourcesBuildPhase;
			buildActionMask = 2147483647;
			files = (
				3B2B1E2C28EC912D003716D1 /* LaunchScreen.storyboard in Resources */,
				3B2B1E2928EC912D003716D1 /* Assets.xcassets in Resources */,
				3B2B1E2428EC912C003716D1 /* Main.storyboard in Resources */,
			);
			runOnlyForDeploymentPostprocessing = 0;
		};
/* End PBXResourcesBuildPhase section */

/* Begin PBXSourcesBuildPhase section */
		3B2B1E1528EC912C003716D1 /* Sources */ = {
			isa = PBXSourcesBuildPhase;
			buildActionMask = 2147483647;
			files = (
				3B2B1E2128EC912C003716D1 /* ViewController.swift in Sources */,
				3B56A02428ECB57C005A806A /* AddGuestsViewController.swift in Sources */,
				3B2B1E1D28EC912C003716D1 /* AppDelegate.swift in Sources */,
				3B2B1E1F28EC912C003716D1 /* SceneDelegate.swift in Sources */,
				3B2B1E2728EC912C003716D1 /* Comfort_Hotel.xcdatamodeld in Sources */,
				3B56A02628ECB5BB005A806A /* GuestListViewController.swift in Sources */,
			);
			runOnlyForDeploymentPostprocessing = 0;
		};
/* End PBXSourcesBuildPhase section */

/* Begin PBXVariantGroup section */
		3B2B1E2228EC912C003716D1 /* Main.storyboard */ = {
			isa = PBXVariantGroup;
			children = (
				3B2B1E2328EC912C003716D1 /* Base */,
			);
			name = Main.storyboard;
			sourceTree = "<group>";
		};
		3B2B1E2A28EC912D003716D1 /* LaunchScreen.storyboard */ = {
			isa = PBXVariantGroup;
			children = (
				3B2B1E2B28EC912D003716D1 /* Base */,
			);
			name = LaunchScreen.storyboard;
			sourceTree = "<group>";
		};
/* End PBXVariantGroup section */

/* Begin XCBuildConfiguration section */
		3B2B1E2E28EC912D003716D1 /* Debug */ = {
			isa = XCBuildConfiguration;
			buildSettings = {
				ALWAYS_SEARCH_USER_PATHS = NO;
				CLANG_ANALYZER_NONNULL = YES;
				CLANG_ANALYZER_NUMBER_OBJECT_CONVERSION = YES_AGGRESSIVE;
				CLANG_CXX_LANGUAGE_STANDARD = "gnu++20";
				CLANG_ENABLE_MODULES = YES;
				CLANG_ENABLE_OBJC_ARC = YES;
				CLANG_ENABLE_OBJC_WEAK = YES;
				CLANG_WARN_BLOCK_CAPTURE_AUTORELEASING = YES;
				CLANG_WARN_BOOL_CONVERSION = YES;
				CLANG_WARN_COMMA = YES;
				CLANG_WARN_CONSTANT_CONVERSION = YES;
				CLANG_WARN_DEPRECATED_OBJC_IMPLEMENTATIONS = YES;
				CLANG_WARN_DIRECT_OBJC_ISA_USAGE = YES_ERROR;
				CLANG_WARN_DOCUMENTATION_COMMENTS = YES;
				CLANG_WARN_EMPTY_BODY = YES;
				CLANG_WARN_ENUM_CONVERSION = YES;
				CLANG_WARN_INFINITE_RECURSION = YES;
				CLANG_WARN_INT_CONVERSION = YES;
				CLANG_WARN_NON_LITERAL_NULL_CONVERSION = YES;
				CLANG_WARN_OBJC_IMPLICIT_RETAIN_SELF = YES;
				CLANG_WARN_OBJC_LITERAL_CONVERSION = YES;
				CLANG_WARN_OBJC_ROOT_CLASS = YES_ERROR;
				CLANG_WARN_QUOTED_INCLUDE_IN_FRAMEWORK_HEADER = YES;
				CLANG_WARN_RANGE_LOOP_ANALYSIS = YES;
				CLANG_WARN_STRICT_PROTOTYPES = YES;
				CLANG_WARN_SUSPICIOUS_MOVE = YES;
				CLANG_WARN_UNGUARDED_AVAILABILITY = YES_AGGRESSIVE;
				CLANG_WARN_UNREACHABLE_CODE = YES;
				CLANG_WARN__DUPLICATE_METHOD_MATCH = YES;
				COPY_PHASE_STRIP = NO;
				DEBUG_INFORMATION_FORMAT = dwarf;
				ENABLE_STRICT_OBJC_MSGSEND = YES;
				ENABLE_TESTABILITY = YES;
				GCC_C_LANGUAGE_STANDARD = gnu11;
				GCC_DYNAMIC_NO_PIC = NO;
				GCC_NO_COMMON_BLOCKS = YES;
				GCC_OPTIMIZATION_LEVEL = 0;
				GCC_PREPROCESSOR_DEFINITIONS = (
					"DEBUG=1",
					"$(inherited)",
				);
				GCC_WARN_64_TO_32_BIT_CONVERSION = YES;
				GCC_WARN_ABOUT_RETURN_TYPE = YES_ERROR;
				GCC_WARN_UNDECLARED_SELECTOR = YES;
				GCC_WARN_UNINITIALIZED_AUTOS = YES_AGGRESSIVE;
				GCC_WARN_UNUSED_FUNCTION = YES;
				GCC_WARN_UNUSED_VARIABLE = YES;
				IPHONEOS_DEPLOYMENT_TARGET = 16.0;
				MTL_ENABLE_DEBUG_INFO = INCLUDE_SOURCE;
				MTL_FAST_MATH = YES;
				ONLY_ACTIVE_ARCH = YES;
				SDKROOT = iphoneos;
				SWIFT_ACTIVE_COMPILATION_CONDITIONS = DEBUG;
				SWIFT_OPTIMIZATION_LEVEL = "-Onone";
			};
			name = Debug;
		};
		3B2B1E2F28EC912D003716D1 /* Release */ = {
			isa = XCBuildConfiguration;
			buildSettings = {
				ALWAYS_SEARCH_USER_PATHS = NO;
				CLANG_ANALYZER_NONNULL = YES;
				CLANG_ANALYZER_NUMBER_OBJECT_CONVERSION = YES_AGGRESSIVE;
				CLANG_CXX_LANGUAGE_STANDARD = "gnu++20";
				CLANG_ENABLE_MODULES = YES;
				CLANG_ENABLE_OBJC_ARC = YES;
				CLANG_ENABLE_OBJC_WEAK = YES;
				CLANG_WARN_BLOCK_CAPTURE_AUTORELEASING = YES;
				CLANG_WARN_BOOL_CONVERSION = YES;
				CLANG_WARN_COMMA = YES;
				CLANG_WARN_CONSTANT_CONVERSION = YES;
				CLANG_WARN_DEPRECATED_OBJC_IMPLEMENTATIONS = YES;
				CLANG_WARN_DIRECT_OBJC_ISA_USAGE = YES_ERROR;
				CLANG_WARN_DOCUMENTATION_COMMENTS = YES;
				CLANG_WARN_EMPTY_BODY = YES;
				CLANG_WARN_ENUM_CONVERSION = YES;
				CLANG_WARN_INFINITE_RECURSION = YES;
				CLANG_WARN_INT_CONVERSION = YES;
				CLANG_WARN_NON_LITERAL_NULL_CONVERSION = YES;
				CLANG_WARN_OBJC_IMPLICIT_RETAIN_SELF = YES;
				CLANG_WARN_OBJC_LITERAL_CONVERSION = YES;
				CLANG_WARN_OBJC_ROOT_CLASS = YES_ERROR;
				CLANG_WARN_QUOTED_INCLUDE_IN_FRAMEWORK_HEADER = YES;
				CLANG_WARN_RANGE_LOOP_ANALYSIS = YES;
				CLANG_WARN_STRICT_PROTOTYPES = YES;
				CLANG_WARN_SUSPICIOUS_MOVE = YES;
				CLANG_WARN_UNGUARDED_AVAILABILITY = YES_AGGRESSIVE;
				CLANG_WARN_UNREACHABLE_CODE = YES;
				CLANG_WARN__DUPLICATE_METHOD_MATCH = YES;
				COPY_PHASE_STRIP = NO;
				DEBUG_INFORMATION_FORMAT = "dwarf-with-dsym";
				ENABLE_NS_ASSERTIONS = NO;
				ENABLE_STRICT_OBJC_MSGSEND = YES;
				GCC_C_LANGUAGE_STANDARD = gnu11;
				GCC_NO_COMMON_BLOCKS = YES;
				GCC_WARN_64_TO_32_BIT_CONVERSION = YES;
				GCC_WARN_ABOUT_RETURN_TYPE = YES_ERROR;
				GCC_WARN_UNDECLARED_SELECTOR = YES;
				GCC_WARN_UNINITIALIZED_AUTOS = YES_AGGRESSIVE;
				GCC_WARN_UNUSED_FUNCTION = YES;
				GCC_WARN_UNUSED_VARIABLE = YES;
				IPHONEOS_DEPLOYMENT_TARGET = 16.0;
				MTL_ENABLE_DEBUG_INFO = NO;
				MTL_FAST_MATH = YES;
				SDKROOT = iphoneos;
				SWIFT_COMPILATION_MODE = wholemodule;
				SWIFT_OPTIMIZATION_LEVEL = "-O";
				VALIDATE_PRODUCT = YES;
			};
			name = Release;
		};
		3B2B1E3128EC912D003716D1 /* Debug */ = {
			isa = XCBuildConfiguration;
			buildSettings = {
				ASSETCATALOG_COMPILER_APPICON_NAME = AppIcon;
				ASSETCATALOG_COMPILER_GLOBAL_ACCENT_COLOR_NAME = AccentColor;
				CODE_SIGN_STYLE = Automatic;
				CURRENT_PROJECT_VERSION = 1;
				DEVELOPMENT_TEAM = GC4L7S8Y7X;
				GENERATE_INFOPLIST_FILE = YES;
				INFOPLIST_FILE = "Comfort Hotel/Info.plist";
				INFOPLIST_KEY_UIApplicationSupportsIndirectInputEvents = YES;
				INFOPLIST_KEY_UILaunchStoryboardName = LaunchScreen;
				INFOPLIST_KEY_UIMainStoryboardFile = Main;
				INFOPLIST_KEY_UISupportedInterfaceOrientations_iPad = "UIInterfaceOrientationPortrait UIInterfaceOrientationPortraitUpsideDown UIInterfaceOrientationLandscapeLeft UIInterfaceOrientationLandscapeRight";
				INFOPLIST_KEY_UISupportedInterfaceOrientations_iPhone = "UIInterfaceOrientationPortrait UIInterfaceOrientationLandscapeLeft UIInterfaceOrientationLandscapeRight";
				LD_RUNPATH_SEARCH_PATHS = (
					"$(inherited)",
					"@executable_path/Frameworks",
				);
				MARKETING_VERSION = 1.0;
				PRODUCT_BUNDLE_IDENTIFIER = "com.muharremkoroglu.Comfort-Hotel";
				PRODUCT_NAME = "$(TARGET_NAME)";
				SWIFT_EMIT_LOC_STRINGS = YES;
				SWIFT_VERSION = 5.0;
				TARGETED_DEVICE_FAMILY = "1,2";
			};
			name = Debug;
		};
		3B2B1E3228EC912D003716D1 /* Release */ = {
			isa = XCBuildConfiguration;
			buildSettings = {
				ASSETCATALOG_COMPILER_APPICON_NAME = AppIcon;
				ASSETCATALOG_COMPILER_GLOBAL_ACCENT_COLOR_NAME = AccentColor;
				CODE_SIGN_STYLE = Automatic;
				CURRENT_PROJECT_VERSION = 1;
				DEVELOPMENT_TEAM = GC4L7S8Y7X;
				GENERATE_INFOPLIST_FILE = YES;
				INFOPLIST_FILE = "Comfort Hotel/Info.plist";
				INFOPLIST_KEY_UIApplicationSupportsIndirectInputEvents = YES;
				INFOPLIST_KEY_UILaunchStoryboardName = LaunchScreen;
				INFOPLIST_KEY_UIMainStoryboardFile = Main;
				INFOPLIST_KEY_UISupportedInterfaceOrientations_iPad = "UIInterfaceOrientationPortrait UIInterfaceOrientationPortraitUpsideDown UIInterfaceOrientationLandscapeLeft UIInterfaceOrientationLandscapeRight";
				INFOPLIST_KEY_UISupportedInterfaceOrientations_iPhone = "UIInterfaceOrientationPortrait UIInterfaceOrientationLandscapeLeft UIInterfaceOrientationLandscapeRight";
				LD_RUNPATH_SEARCH_PATHS = (
					"$(inherited)",
					"@executable_path/Frameworks",
				);
				MARKETING_VERSION = 1.0;
				PRODUCT_BUNDLE_IDENTIFIER = "com.muharremkoroglu.Comfort-Hotel";
				PRODUCT_NAME = "$(TARGET_NAME)";
				SWIFT_EMIT_LOC_STRINGS = YES;
				SWIFT_VERSION = 5.0;
				TARGETED_DEVICE_FAMILY = "1,2";
			};
			name = Release;
		};
/* End XCBuildConfiguration section */

/* Begin XCConfigurationList section */
		3B2B1E1428EC912C003716D1 /* Build configuration list for PBXProject "Comfort Hotel" */ = {
			isa = XCConfigurationList;
			buildConfigurations = (
				3B2B1E2E28EC912D003716D1 /* Debug */,
				3B2B1E2F28EC912D003716D1 /* Release */,
			);
			defaultConfigurationIsVisible = 0;
			defaultConfigurationName = Release;
		};
		3B2B1E3028EC912D003716D1 /* Build configuration list for PBXNativeTarget "Comfort Hotel" */ = {
			isa = XCConfigurationList;
			buildConfigurations = (
				3B2B1E3128EC912D003716D1 /* Debug */,
				3B2B1E3228EC912D003716D1 /* Release */,
			);
			defaultConfigurationIsVisible = 0;
			defaultConfigurationName = Release;
		};
/* End XCConfigurationList section */

/* Begin XCVersionGroup section */
		3B2B1E2528EC912C003716D1 /* Comfort_Hotel.xcdatamodeld */ = {
			isa = XCVersionGroup;
			children = (
				3B2B1E2628EC912C003716D1 /* Comfort_Hotel.xcdatamodel */,
			);
			currentVersion = 3B2B1E2628EC912C003716D1 /* Comfort_Hotel.xcdatamodel */;
			path = Comfort_Hotel.xcdatamodeld;
			sourceTree = "<group>";
			versionGroupType = wrapper.xcdatamodel;
		};
/* End XCVersionGroup section */
	};
	rootObject = 3B2B1E1128EC912C003716D1 /* Project object */;
}
